{
  "requires": true,
  "lockfileVersion": 1,
  "dependencies": {
    "types-registry": {
      "version": "0.1.537",
      "resolved": "https://registry.npmjs.org/types-registry/-/types-registry-0.1.537.tgz",
      "integrity": "sha512-OSeJgkEWiEMqN/uC8vmh7YbbMItKNq9vLgvUQ52ogNZrM954eK8GsgdCnrh4RmNl0leBVXgRRGpLm1fJGs59aA=="
    }
  }
}
